// !$*UTF8*$!
{
	archiveVersion = 1;
	classes = {
	};
	objectVersion = 50;
	objects = {

/* Begin PBXBuildFile section */
		D33D53BB24A2295E00895D25 /* AppDelegate.swift in Sources */ = {isa = PBXBuildFile; fileRef = D33D53BA24A2295E00895D25 /* AppDelegate.swift */; };
		D33D53BD24A2295E00895D25 /* SceneDelegate.swift in Sources */ = {isa = PBXBuildFile; fileRef = D33D53BC24A2295E00895D25 /* SceneDelegate.swift */; };
		D33D53BF24A2295E00895D25 /* ViewController.swift in Sources */ = {isa = PBXBuildFile; fileRef = D33D53BE24A2295E00895D25 /* ViewController.swift */; };
		D33D53C224A2295E00895D25 /* Main.storyboard in Resources */ = {isa = PBXBuildFile; fileRef = D33D53C024A2295E00895D25 /* Main.storyboard */; };
		D33D53C424A2296100895D25 /* Assets.xcassets in Resources */ = {isa = PBXBuildFile; fileRef = D33D53C324A2296100895D25 /* Assets.xcassets */; };
		D33D53C724A2296100895D25 /* LaunchScreen.storyboard in Resources */ = {isa = PBXBuildFile; fileRef = D33D53C524A2296100895D25 /* LaunchScreen.storyboard */; };
		D33D53D224A2296200895D25 /* MyMapTests.swift in Sources */ = {isa = PBXBuildFile; fileRef = D33D53D124A2296200895D25 /* MyMapTests.swift */; };
		D33D53DD24A2296200895D25 /* MyMapUITests.swift in Sources */ = {isa = PBXBuildFile; fileRef = D33D53DC24A2296200895D25 /* MyMapUITests.swift */; };
/* End PBXBuildFile section */

/* Begin PBXContainerItemProxy section */
		D33D53CE24A2296200895D25 /* PBXContainerItemProxy */ = {
			isa = PBXContainerItemProxy;
			containerPortal = D33D53AF24A2295E00895D25 /* Project object */;
			proxyType = 1;
			remoteGlobalIDString = D33D53B624A2295E00895D25;
			remoteInfo = MyMap;
		};
		D33D53D924A2296200895D25 /* PBXContainerItemProxy */ = {
			isa = PBXContainerItemProxy;
			containerPortal = D33D53AF24A2295E00895D25 /* Project object */;
			proxyType = 1;
			remoteGlobalIDString = D33D53B624A2295E00895D25;
			remoteInfo = MyMap;
		};
/* End PBXContainerItemProxy section */

/* Begin PBXFileReference section */
		D33D53B724A2295E00895D25 /* MyMap.app */ = {isa = PBXFileReference; explicitFileType = wrapper.application; includeInIndex = 0; path = MyMap.app; sourceTree = BUILT_PRODUCTS_DIR; };
		D33D53BA24A2295E00895D25 /* AppDelegate.swift */ = {isa = PBXFileReference; lastKnownFileType = sourcecode.swift; path = AppDelegate.swift; sourceTree = "<group>"; };
		D33D53BC24A2295E00895D25 /* SceneDelegate.swift */ = {isa = PBXFileReference; lastKnownFileType = sourcecode.swift; path = SceneDelegate.swift; sourceTree = "<group>"; };
		D33D53BE24A2295E00895D25 /* ViewController.swift */ = {isa = PBXFileReference; lastKnownFileType = sourcecode.swift; path = ViewController.swift; sourceTree = "<group>"; };
		D33D53C124A2295E00895D25 /* Base */ = {isa = PBXFileReference; lastKnownFileType = file.storyboard; name = Base; path = Base.lproj/Main.storyboard; sourceTree = "<group>"; };
		D33D53C324A2296100895D25 /* Assets.xcassets */ = {isa = PBXFileReference; lastKnownFileType = folder.assetcatalog; path = Assets.xcassets; sourceTree = "<group>"; };
		D33D53C624A2296100895D25 /* Base */ = {isa = PBXFileReference; lastKnownFileType = file.storyboard; name = Base; path = Base.lproj/LaunchScreen.storyboard; sourceTree = "<group>"; };
		D33D53C824A2296100895D25 /* Info.plist */ = {isa = PBXFileReference; lastKnownFileType = text.plist.xml; path = Info.plist; sourceTree = "<group>"; };
		D33D53CD24A2296200895D25 /* MyMapTests.xctest */ = {isa = PBXFileReference; explicitFileType = wrapper.cfbundle; includeInIndex = 0; path = MyMapTests.xctest; sourceTree = BUILT_PRODUCTS_DIR; };
		D33D53D124A2296200895D25 /* MyMapTests.swift */ = {isa = PBXFileReference; lastKnownFileType = sourcecode.swift; path = MyMapTests.swift; sourceTree = "<group>"; };
		D33D53D324A2296200895D25 /* Info.plist */ = {isa = PBXFileReference; lastKnownFileType = text.plist.xml; path = Info.plist; sourceTree = "<group>"; };
		D33D53D824A2296200895D25 /* MyMapUITests.xctest */ = {isa = PBXFileReference; explicitFileType = wrapper.cfbundle; includeInIndex = 0; path = MyMapUITests.xctest; sourceTree = BUILT_PRODUCTS_DIR; };
		D33D53DC24A2296200895D25 /* MyMapUITests.swift */ = {isa = PBXFileReference; lastKnownFileType = sourcecode.swift; path = MyMapUITests.swift; sourceTree = "<group>"; };
		D33D53DE24A2296200895D25 /* Info.plist */ = {isa = PBXFileReference; lastKnownFileType = text.plist.xml; path = Info.plist; sourceTree = "<group>"; };
/* End PBXFileReference section */

/* Begin PBXFrameworksBuildPhase section */
		D33D53B424A2295E00895D25 /* Frameworks */ = {
			isa = PBXFrameworksBuildPhase;
			buildActionMask = 2147483647;
			files = (
			);
			runOnlyForDeploymentPostprocessing = 0;
		};
		D33D53CA24A2296100895D25 /* Frameworks */ = {
			isa = PBXFrameworksBuildPhase;
			buildActionMask = 2147483647;
			files = (
			);
			runOnlyForDeploymentPostprocessing = 0;
		};
		D33D53D524A2296200895D25 /* Frameworks */ = {
			isa = PBXFrameworksBuildPhase;
			buildActionMask = 2147483647;
			files = (
			);
			runOnlyForDeploymentPostprocessing = 0;
		};
/* End PBXFrameworksBuildPhase section */

/* Begin PBXGroup section */
		D33D53AE24A2295E00895D25 = {
			isa = PBXGroup;
			children = (
				D33D53B924A2295E00895D25 /* MyMap */,
				D33D53D024A2296200895D25 /* MyMapTests */,
				D33D53DB24A2296200895D25 /* MyMapUITests */,
				D33D53B824A2295E00895D25 /* Products */,
			);
			sourceTree = "<group>";
		};
		D33D53B824A2295E00895D25 /* Products */ = {
			isa = PBXGroup;
			children = (
				D33D53B724A2295E00895D25 /* MyMap.app */,
				D33D53CD24A2296200895D25 /* MyMapTests.xctest */,
				D33D53D824A2296200895D25 /* MyMapUITests.xctest */,
			);
			name = Products;
			sourceTree = "<group>";
		};
		D33D53B924A2295E00895D25 /* MyMap */ = {
			isa = PBXGroup;
			children = (
				D33D53BA24A2295E00895D25 /* AppDelegate.swift */,
				D33D53BC24A2295E00895D25 /* SceneDelegate.swift */,
				D33D53BE24A2295E00895D25 /* ViewController.swift */,
				D33D53C024A2295E00895D25 /* Main.storyboard */,
				D33D53C324A2296100895D25 /* Assets.xcassets */,
				D33D53C524A2296100895D25 /* LaunchScreen.storyboard */,
				D33D53C824A2296100895D25 /* Info.plist */,
			);
			path = MyMap;
			sourceTree = "<group>";
		};
		D33D53D024A2296200895D25 /* MyMapTests */ = {
			isa = PBXGroup;
			children = (
				D33D53D124A2296200895D25 /* MyMapTests.swift */,
				D33D53D324A2296200895D25 /* Info.plist */,
			);
			path = MyMapTests;
			sourceTree = "<group>";
		};
		D33D53DB24A2296200895D25 /* MyMapUITests */ = {
			isa = PBXGroup;
			children = (
				D33D53DC24A2296200895D25 /* MyMapUITests.swift */,
				D33D53DE24A2296200895D25 /* Info.plist */,
			);
			path = MyMapUITests;
			sourceTree = "<group>";
		};
/* End PBXGroup section */

/* Begin PBXNativeTarget section */
		D33D53B624A2295E00895D25 /* MyMap */ = {
			isa = PBXNativeTarget;
			buildConfigurationList = D33D53E124A2296200895D25 /* Build configuration list for PBXNativeTarget "MyMap" */;
			buildPhases = (
				D33D53B324A2295E00895D25 /* Sources */,
				D33D53B424A2295E00895D25 /* Frameworks */,
				D33D53B524A2295E00895D25 /* Resources */,
			);
			buildRules = (
			);
			dependencies = (
			);
			name = MyMap;
			productName = MyMap;
			productReference = D33D53B724A2295E00895D25 /* MyMap.app */;
			productType = "com.apple.product-type.application";
		};
		D33D53CC24A2296100895D25 /* MyMapTests */ = {
			isa = PBXNativeTarget;
			buildConfigurationList = D33D53E424A2296200895D25 /* Build configuration list for PBXNativeTarget "MyMapTests" */;
			buildPhases = (
				D33D53C924A2296100895D25 /* Sources */,
				D33D53CA24A2296100895D25 /* Frameworks */,
				D33D53CB24A2296100895D25 /* Resources */,
			);
			buildRules = (
			);
			dependencies = (
				D33D53CF24A2296200895D25 /* PBXTargetDependency */,
			);
			name = MyMapTests;
			productName = MyMapTests;
			productReference = D33D53CD24A2296200895D25 /* MyMapTests.xctest */;
			productType = "com.apple.product-type.bundle.unit-test";
		};
		D33D53D724A2296200895D25 /* MyMapUITests */ = {
			isa = PBXNativeTarget;
			buildConfigurationList = D33D53E724A2296200895D25 /* Build configuration list for PBXNativeTarget "MyMapUITests" */;
			buildPhases = (
				D33D53D424A2296200895D25 /* Sources */,
				D33D53D524A2296200895D25 /* Frameworks */,
				D33D53D624A2296200895D25 /* Resources */,
			);
			buildRules = (
			);
			dependencies = (
				D33D53DA24A2296200895D25 /* PBXTargetDependency */,
			);
			name = MyMapUITests;
			productName = MyMapUITests;
			productReference = D33D53D824A2296200895D25 /* MyMapUITests.xctest */;
			productType = "com.apple.product-type.bundle.ui-testing";
		};
/* End PBXNativeTarget section */

/* Begin PBXProject section */
		D33D53AF24A2295E00895D25 /* Project object */ = {
			isa = PBXProject;
			attributes = {
				LastSwiftUpdateCheck = 1150;
				LastUpgradeCheck = 1150;
				ORGANIZATIONNAME = "Taisei Hikawa";
				TargetAttributes = {
					D33D53B624A2295E00895D25 = {
						CreatedOnToolsVersion = 11.5;
					};
					D33D53CC24A2296100895D25 = {
						CreatedOnToolsVersion = 11.5;
						TestTargetID = D33D53B624A2295E00895D25;
					};
					D33D53D724A2296200895D25 = {
						CreatedOnToolsVersion = 11.5;
						TestTargetID = D33D53B624A2295E00895D25;
					};
				};
			};
			buildConfigurationList = D33D53B224A2295E00895D25 /* Build configuration list for PBXProject "MyMap" */;
			compatibilityVersion = "Xcode 9.3";
			developmentRegion = en;
			hasScannedForEncodings = 0;
			knownRegions = (
				en,
				Base,
			);
			mainGroup = D33D53AE24A2295E00895D25;
			productRefGroup = D33D53B824A2295E00895D25 /* Products */;
			projectDirPath = "";
			projectRoot = "";
			targets = (
				D33D53B624A2295E00895D25 /* MyMap */,
				D33D53CC24A2296100895D25 /* MyMapTests */,
				D33D53D724A2296200895D25 /* MyMapUITests */,
			);
		};
/* End PBXProject section */

/* Begin PBXResourcesBuildPhase section */
		D33D53B524A2295E00895D25 /* Resources */ = {
			isa = PBXResourcesBuildPhase;
			buildActionMask = 2147483647;
			files = (
				D33D53C724A2296100895D25 /* LaunchScreen.storyboard in Resources */,
				D33D53C424A2296100895D25 /* Assets.xcassets in Resources */,
				D33D53C224A2295E00895D25 /* Main.storyboard in Resources */,
			);
			runOnlyForDeploymentPostprocessing = 0;
		};
		D33D53CB24A2296100895D25 /* Resources */ = {
			isa = PBXResourcesBuildPhase;
			buildActionMask = 2147483647;
			files = (
			);
			runOnlyForDeploymentPostprocessing = 0;
		};
		D33D53D624A2296200895D25 /* Resources */ = {
			isa = PBXResourcesBuildPhase;
			buildActionMask = 2147483647;
			files = (
			);
			runOnlyForDeploymentPostprocessing = 0;
		};
/* End PBXResourcesBuildPhase section */

/* Begin PBXSourcesBuildPhase section */
		D33D53B324A2295E00895D25 /* Sources */ = {
			isa = PBXSourcesBuildPhase;
			buildActionMask = 2147483647;
			files = (
				D33D53BF24A2295E00895D25 /* ViewController.swift in Sources */,
				D33D53BB24A2295E00895D25 /* AppDelegate.swift in Sources */,
				D33D53BD24A2295E00895D25 /* SceneDelegate.swift in Sources */,
			);
			runOnlyForDeploymentPostprocessing = 0;
		};
		D33D53C924A2296100895D25 /* Sources */ = {
			isa = PBXSourcesBuildPhase;
			buildActionMask = 2147483647;
			files = (
				D33D53D224A2296200895D25 /* MyMapTests.swift in Sources */,
			);
			runOnlyForDeploymentPostprocessing = 0;
		};
		D33D53D424A2296200895D25 /* Sources */ = {
			isa = PBXSourcesBuildPhase;
			buildActionMask = 2147483647;
			files = (
				D33D53DD24A2296200895D25 /* MyMapUITests.swift in Sources */,
			);
			runOnlyForDeploymentPostprocessing = 0;
		};
/* End PBXSourcesBuildPhase section */

/* Begin PBXTargetDependency section */
		D33D53CF24A2296200895D25 /* PBXTargetDependency */ = {
			isa = PBXTargetDependency;
			target = D33D53B624A2295E00895D25 /* MyMap */;
			targetProxy = D33D53CE24A2296200895D25 /* PBXContainerItemProxy */;
		};
		D33D53DA24A2296200895D25 /* PBXTargetDependency */ = {
			isa = PBXTargetDependency;
			target = D33D53B624A2295E00895D25 /* MyMap */;
			targetProxy = D33D53D924A2296200895D25 /* PBXContainerItemProxy */;
		};
/* End PBXTargetDependency section */

/* Begin PBXVariantGroup section */
		D33D53C024A2295E00895D25 /* Main.storyboard */ = {
			isa = PBXVariantGroup;
			children = (
				D33D53C124A2295E00895D25 /* Base */,
			);
			name = Main.storyboard;
			sourceTree = "<group>";
		};
		D33D53C524A2296100895D25 /* LaunchScreen.storyboard */ = {
			isa = PBXVariantGroup;
			children = (
				D33D53C624A2296100895D25 /* Base */,
			);
			name = LaunchScreen.storyboard;
			sourceTree = "<group>";
		};
/* End PBXVariantGroup section */

/* Begin XCBuildConfiguration section */
		D33D53DF24A2296200895D25 /* Debug */ = {
			isa = XCBuildConfiguration;
			buildSettings = {
				ALWAYS_SEARCH_USER_PATHS = NO;
				CLANG_ANALYZER_NONNULL = YES;
				CLANG_ANALYZER_NUMBER_OBJECT_CONVERSION = YES_AGGRESSIVE;
				CLANG_CXX_LANGUAGE_STANDARD = "gnu++14";
				CLANG_CXX_LIBRARY = "libc++";
				CLANG_ENABLE_MODULES = YES;
				CLANG_ENABLE_OBJC_ARC = YES;
				CLANG_ENABLE_OBJC_WEAK = YES;
				CLANG_WARN_BLOCK_CAPTURE_AUTORELEASING = YES;
				CLANG_WARN_BOOL_CONVERSION = YES;
				CLANG_WARN_COMMA = YES;
				CLANG_WARN_CONSTANT_CONVERSION = YES;
				CLANG_WARN_DEPRECATED_OBJC_IMPLEMENTATIONS = YES;
				CLANG_WARN_DIRECT_OBJC_ISA_USAGE = YES_ERROR;
				CLANG_WARN_DOCUMENTATION_COMMENTS = YES;
				CLANG_WARN_EMPTY_BODY = YES;
				CLANG_WARN_ENUM_CONVERSION = YES;
				CLANG_WARN_INFINITE_RECURSION = YES;
				CLANG_WARN_INT_CONVERSION = YES;
				CLANG_WARN_NON_LITERAL_NULL_CONVERSION = YES;
				CLANG_WARN_OBJC_IMPLICIT_RETAIN_SELF = YES;
				CLANG_WARN_OBJC_LITERAL_CONVERSION = YES;
				CLANG_WARN_OBJC_ROOT_CLASS = YES_ERROR;
				CLANG_WARN_RANGE_LOOP_ANALYSIS = YES;
				CLANG_WARN_STRICT_PROTOTYPES = YES;
				CLANG_WARN_SUSPICIOUS_MOVE = YES;
				CLANG_WARN_UNGUARDED_AVAILABILITY = YES_AGGRESSIVE;
				CLANG_WARN_UNREACHABLE_CODE = YES;
				CLANG_WARN__DUPLICATE_METHOD_MATCH = YES;
				COPY_PHASE_STRIP = NO;
				DEBUG_INFORMATION_FORMAT = dwarf;
				ENABLE_STRICT_OBJC_MSGSEND = YES;
				ENABLE_TESTABILITY = YES;
				GCC_C_LANGUAGE_STANDARD = gnu11;
				GCC_DYNAMIC_NO_PIC = NO;
				GCC_NO_COMMON_BLOCKS = YES;
				GCC_OPTIMIZATION_LEVEL = 0;
				GCC_PREPROCESSOR_DEFINITIONS = (
					"DEBUG=1",
					"$(inherited)",
				);
				GCC_WARN_64_TO_32_BIT_CONVERSION = YES;
				GCC_WARN_ABOUT_RETURN_TYPE = YES_ERROR;
				GCC_WARN_UNDECLARED_SELECTOR = YES;
				GCC_WARN_UNINITIALIZED_AUTOS = YES_AGGRESSIVE;
				GCC_WARN_UNUSED_FUNCTION = YES;
				GCC_WARN_UNUSED_VARIABLE = YES;
				IPHONEOS_DEPLOYMENT_TARGET = 13.5;
				MTL_ENABLE_DEBUG_INFO = INCLUDE_SOURCE;
				MTL_FAST_MATH = YES;
				ONLY_ACTIVE_ARCH = YES;
				SDKROOT = iphoneos;
				SWIFT_ACTIVE_COMPILATION_CONDITIONS = DEBUG;
				SWIFT_OPTIMIZATION_LEVEL = "-Onone";
			};
			name = Debug;
		};
		D33D53E024A2296200895D25 /* Release */ = {
			isa = XCBuildConfiguration;
			buildSettings = {
				ALWAYS_SEARCH_USER_PATHS = NO;
				CLANG_ANALYZER_NONNULL = YES;
				CLANG_ANALYZER_NUMBER_OBJECT_CONVERSION = YES_AGGRESSIVE;
				CLANG_CXX_LANGUAGE_STANDARD = "gnu++14";
				CLANG_CXX_LIBRARY = "libc++";
				CLANG_ENABLE_MODULES = YES;
				CLANG_ENABLE_OBJC_ARC = YES;
				CLANG_ENABLE_OBJC_WEAK = YES;
				CLANG_WARN_BLOCK_CAPTURE_AUTORELEASING = YES;
				CLANG_WARN_BOOL_CONVERSION = YES;
				CLANG_WARN_COMMA = YES;
				CLANG_WARN_CONSTANT_CONVERSION = YES;
				CLANG_WARN_DEPRECATED_OBJC_IMPLEMENTATIONS = YES;
				CLANG_WARN_DIRECT_OBJC_ISA_USAGE = YES_ERROR;
				CLANG_WARN_DOCUMENTATION_COMMENTS = YES;
				CLANG_WARN_EMPTY_BODY = YES;
				CLANG_WARN_ENUM_CONVERSION = YES;
				CLANG_WARN_INFINITE_RECURSION = YES;
				CLANG_WARN_INT_CONVERSION = YES;
				CLANG_WARN_NON_LITERAL_NULL_CONVERSION = YES;
				CLANG_WARN_OBJC_IMPLICIT_RETAIN_SELF = YES;
				CLANG_WARN_OBJC_LITERAL_CONVERSION = YES;
				CLANG_WARN_OBJC_ROOT_CLASS = YES_ERROR;
				CLANG_WARN_RANGE_LOOP_ANALYSIS = YES;
				CLANG_WARN_STRICT_PROTOTYPES = YES;
				CLANG_WARN_SUSPICIOUS_MOVE = YES;
				CLANG_WARN_UNGUARDED_AVAILABILITY = YES_AGGRESSIVE;
				CLANG_WARN_UNREACHABLE_CODE = YES;
				CLANG_WARN__DUPLICATE_METHOD_MATCH = YES;
				COPY_PHASE_STRIP = NO;
				DEBUG_INFORMATION_FORMAT = "dwarf-with-dsym";
				ENABLE_NS_ASSERTIONS = NO;
				ENABLE_STRICT_OBJC_MSGSEND = YES;
				GCC_C_LANGUAGE_STANDARD = gnu11;
				GCC_NO_COMMON_BLOCKS = YES;
				GCC_WARN_64_TO_32_BIT_CONVERSION = YES;
				GCC_WARN_ABOUT_RETURN_TYPE = YES_ERROR;
				GCC_WARN_UNDECLARED_SELECTOR = YES;
				GCC_WARN_UNINITIALIZED_AUTOS = YES_AGGRESSIVE;
				GCC_WARN_UNUSED_FUNCTION = YES;
				GCC_WARN_UNUSED_VARIABLE = YES;
				IPHONEOS_DEPLOYMENT_TARGET = 13.5;
				MTL_ENABLE_DEBUG_INFO = NO;
				MTL_FAST_MATH = YES;
				SDKROOT = iphoneos;
				SWIFT_COMPILATION_MODE = wholemodule;
				SWIFT_OPTIMIZATION_LEVEL = "-O";
				VALIDATE_PRODUCT = YES;
			};
			name = Release;
		};
		D33D53E224A2296200895D25 /* Debug */ = {
			isa = XCBuildConfiguration;
			buildSettings = {
				ASSETCATALOG_COMPILER_APPICON_NAME = AppIcon;
				CODE_SIGN_STYLE = Automatic;
				INFOPLIST_FILE = MyMap/Info.plist;
				LD_RUNPATH_SEARCH_PATHS = (
					"$(inherited)",
					"@executable_path/Frameworks",
				);
				PRODUCT_BUNDLE_IDENTIFIER = com.hikawaproj.MyMap;
				PRODUCT_NAME = "$(TARGET_NAME)";
				SWIFT_VERSION = 5.0;
				TARGETED_DEVICE_FAMILY = "1,2";
			};
			name = Debug;
		};
		D33D53E324A2296200895D25 /* Release */ = {
			isa = XCBuildConfiguration;
			buildSettings = {
				ASSETCATALOG_COMPILER_APPICON_NAME = AppIcon;
				CODE_SIGN_STYLE = Automatic;
				INFOPLIST_FILE = MyMap/Info.plist;
				LD_RUNPATH_SEARCH_PATHS = (
					"$(inherited)",
					"@executable_path/Frameworks",
				);
				PRODUCT_BUNDLE_IDENTIFIER = com.hikawaproj.MyMap;
				PRODUCT_NAME = "$(TARGET_NAME)";
				SWIFT_VERSION = 5.0;
				TARGETED_DEVICE_FAMILY = "1,2";
			};
			name = Release;
		};
		D33D53E524A2296200895D25 /* Debug */ = {
			isa = XCBuildConfiguration;
			buildSettings = {
				ALWAYS_EMBED_SWIFT_STANDARD_LIBRARIES = YES;
				BUNDLE_LOADER = "$(TEST_HOST)";
				CODE_SIGN_STYLE = Automatic;
				INFOPLIST_FILE = MyMapTests/Info.plist;
				IPHONEOS_DEPLOYMENT_TARGET = 13.5;
				LD_RUNPATH_SEARCH_PATHS = (
					"$(inherited)",
					"@executable_path/Frameworks",
					"@loader_path/Frameworks",
				);
				PRODUCT_BUNDLE_IDENTIFIER = com.hikawaproj.MyMapTests;
				PRODUCT_NAME = "$(TARGET_NAME)";
				SWIFT_VERSION = 5.0;
				TARGETED_DEVICE_FAMILY = "1,2";
				TEST_HOST = "$(BUILT_PRODUCTS_DIR)/MyMap.app/MyMap";
			};
			name = Debug;
		};
		D33D53E624A2296200895D25 /* Release */ = {
			isa = XCBuildConfiguration;
			buildSettings = {
				ALWAYS_EMBED_SWIFT_STANDARD_LIBRARIES = YES;
				BUNDLE_LOADER = "$(TEST_HOST)";
				CODE_SIGN_STYLE = Automatic;
				INFOPLIST_FILE = MyMapTests/Info.plist;
				IPHONEOS_DEPLOYMENT_TARGET = 13.5;
				LD_RUNPATH_SEARCH_PATHS = (
					"$(inherited)",
					"@executable_path/Frameworks",
					"@loader_path/Frameworks",
				);
				PRODUCT_BUNDLE_IDENTIFIER = com.hikawaproj.MyMapTests;
				PRODUCT_NAME = "$(TARGET_NAME)";
				SWIFT_VERSION = 5.0;
				TARGETED_DEVICE_FAMILY = "1,2";
				TEST_HOST = "$(BUILT_PRODUCTS_DIR)/MyMap.app/MyMap";
			};
			name = Release;
		};
		D33D53E824A2296200895D25 /* Debug */ = {
			isa = XCBuildConfiguration;
			buildSettings = {
				ALWAYS_EMBED_SWIFT_STANDARD_LIBRARIES = YES;
				CODE_SIGN_STYLE = Automatic;
				INFOPLIST_FILE = MyMapUITests/Info.plist;
				LD_RUNPATH_SEARCH_PATHS = (
					"$(inherited)",
					"@executable_path/Frameworks",
					"@loader_path/Frameworks",
				);
				PRODUCT_BUNDLE_IDENTIFIER = com.hikawaproj.MyMapUITests;
				PRODUCT_NAME = "$(TARGET_NAME)";
				SWIFT_VERSION = 5.0;
				TARGETED_DEVICE_FAMILY = "1,2";
				TEST_TARGET_NAME = MyMap;
			};
			name = Debug;
		};
		D33D53E924A2296200895D25 /* Release */ = {
			isa = XCBuildConfiguration;
			buildSettings = {
				ALWAYS_EMBED_SWIFT_STANDARD_LIBRARIES = YES;
				CODE_SIGN_STYLE = Automatic;
				INFOPLIST_FILE = MyMapUITests/Info.plist;
				LD_RUNPATH_SEARCH_PATHS = (
					"$(inherited)",
					"@executable_path/Frameworks",
					"@loader_path/Frameworks",
				);
				PRODUCT_BUNDLE_IDENTIFIER = com.hikawaproj.MyMapUITests;
				PRODUCT_NAME = "$(TARGET_NAME)";
				SWIFT_VERSION = 5.0;
				TARGETED_DEVICE_FAMILY = "1,2";
				TEST_TARGET_NAME = MyMap;
			};
			name = Release;
		};
/* End XCBuildConfiguration section */

/* Begin XCConfigurationList section */
		D33D53B224A2295E00895D25 /* Build configuration list for PBXProject "MyMap" */ = {
			isa = XCConfigurationList;
			buildConfigurations = (
				D33D53DF24A2296200895D25 /* Debug */,
				D33D53E024A2296200895D25 /* Release */,
			);
			defaultConfigurationIsVisible = 0;
			defaultConfigurationName = Release;
		};
		D33D53E124A2296200895D25 /* Build configuration list for PBXNativeTarget "MyMap" */ = {
			isa = XCConfigurationList;
			buildConfigurations = (
				D33D53E224A2296200895D25 /* Debug */,
				D33D53E324A2296200895D25 /* Release */,
			);
			defaultConfigurationIsVisible = 0;
			defaultConfigurationName = Release;
		};
		D33D53E424A2296200895D25 /* Build configuration list for PBXNativeTarget "MyMapTests" */ = {
			isa = XCConfigurationList;
			buildConfigurations = (
				D33D53E524A2296200895D25 /* Debug */,
				D33D53E624A2296200895D25 /* Release */,
			);
			defaultConfigurationIsVisible = 0;
			defaultConfigurationName = Release;
		};
		D33D53E724A2296200895D25 /* Build configuration list for PBXNativeTarget "MyMapUITests" */ = {
			isa = XCConfigurationList;
			buildConfigurations = (
				D33D53E824A2296200895D25 /* Debug */,
				D33D53E924A2296200895D25 /* Release */,
			);
			defaultConfigurationIsVisible = 0;
			defaultConfigurationName = Release;
		};
/* End XCConfigurationList section */
	};
	rootObject = D33D53AF24A2295E00895D25 /* Project object */;
}
